{
    "_meta": {
        "hash": {
            "sha256": "baa35757100cce1f5d97ad4b8a1dfc470cd2a8b560144c9dacbd01a6bf18e9fa"
        },
        "pipfile-spec": 6,
        "requires": {
            "python_version": "3.7"
        },
        "sources": [
            {
                "name": "pypi",
                "url": "https://pypi.python.org/simple",
                "verify_ssl": true
            }
        ]
    },
    "default": {
        "paho-mqtt": {
            "hashes": [
                "sha256:e3d286198baaea195c8b3bc221941d25a3ab0e1507fc1779bdb7473806394be4"
            ],
            "index": "pypi",
            "version": "==1.5.0"
        },
        "pysimplegui": {
            "hashes": [
                "sha256:3916c610f7c614028ada7f42da05ab17840d67ceba2c132a57fb532085b6a6a5",
                "sha256:68750dc40d802db04087d34103bdc656402fb0f781dc4f00bf6a8593c9f118b2"
            ],
            "index": "pypi",
            "version": "==4.19.0"
        },
        "smbus2": {
            "hashes": [
                "sha256:210e66eebe4d0b1fe836b3ec2751841942e1c4918c0b429b20a0e20a222228b4"
            ],
            "index": "pypi",
            "version": "==0.3.0"
        }
    },
    "develop": {}
}
